
Microsoft Visual Studio Solution File, Format Version 10.00
# Visual Studio 2008
Project("{FAE04EC0-301F-11D3-BF4B-00C04F79EFBC}") = "TDDExp", "TDDExp.csproj", "{DD736152-45D2-4DC4-829E-A024C5B5B66A}"
EndProject
Project("{FAE04EC0-301F-11D3-BF4B-00C04F79EFBC}") = "Bowling", "..\Bowling\Bowling.csproj", "{53B51279-AD14-4131-84B7-12B532B8374E}"
EndProject
Global
	GlobalSection(SolutionConfigurationPlatforms) = preSolution
		Debug|Any CPU = Debug|Any CPU
		Release|Any CPU = Release|Any CPU
	EndGlobalSection
	GlobalSection(ProjectConfigurationPlatforms) = postSolution
		{DD736152-45D2-4DC4-829E-A024C5B5B66A}.Debug|Any CPU.ActiveCfg = Debug|Any CPU
		{DD736152-45D2-4DC4-829E-A024C5B5B66A}.Debug|Any CPU.Build.0 = Debug|Any CPU
		{DD736152-45D2-4DC4-829E-A024C5B5B66A}.Release|Any CPU.ActiveCfg = Release|Any CPU
		{DD736152-45D2-4DC4-829E-A024C5B5B66A}.Release|Any CPU.Build.0 = Release|Any CPU
		{53B51279-AD14-4131-84B7-12B532B8374E}.Debug|Any CPU.ActiveCfg = Debug|Any CPU
		{53B51279-AD14-4131-84B7-12B532B8374E}.Debug|Any CPU.Build.0 = Debug|Any CPU
		{53B51279-AD14-4131-84B7-12B532B8374E}.Release|Any CPU.ActiveCfg = Release|Any CPU
		{53B51279-AD14-4131-84B7-12B532B8374E}.Release|Any CPU.Build.0 = Release|Any CPU
	EndGlobalSection
	GlobalSection(SolutionProperties) = preSolution
		HideSolutionNode = FALSE
	EndGlobalSection
EndGlobal
